{
  "name": "nhs-notify-web-cms",
  "lockfileVersion": 3,
  "requires": true,
  "packages": {
    "": {
      "name": "nhs-notify-web-cms",
      "workspaces": [
        "containers/wagtail"
      ]
    },
    "containers/wagtail": {
      "name": "nhs-notify-cms-wagtail",
      "version": "1.0.0",
      "dependencies": {
        "nhsuk-frontend": "^10.1.0"
      }
    },
    "node_modules/nhs-notify-cms-wagtail": {
      "resolved": "containers/wagtail",
      "link": true
    },
    "node_modules/nhsuk-frontend": {
      "version": "10.4.2",
      "resolved": "https://registry.npmjs.org/nhsuk-frontend/-/nhsuk-frontend-10.4.2.tgz",
      "integrity": "sha512-DYa7E/jwWtQPKqzeF9eB9nVcTKHpjMYf+SydKao379qQapIkblfS2BNvKsVKuWpI0w+QgI8XSDNNOUTQEGRb1w==",
      "license": "MIT",
      "engines": {
        "node": "^20.9.0 || ^22.11.0 || >= 24.11.0"
      },
      "peerDependencies": {
        "@prettier/sync": "^0.6.0",
        "highlight.js": "^11.0.0",
        "nunjucks": "^3.0.0",
        "outdent": "^0.8.0",
        "slug": "^9.0.0 || ^11.0.0"
      },
      "peerDependenciesMeta": {
        "@prettier/sync": {
          "optional": true
        },
        "highlight.js": {
          "optional": true
        },
        "nunjucks": {
          "optional": true
        },
        "outdent": {
          "optional": true
        },
        "slug": {
          "optional": true
        }
      }
    }
  }
}
