{
  "name": "nhs-notify-web-cms",
  "lockfileVersion": 3,
  "requires": true,
  "packages": {
    "": {
      "name": "nhs-notify-web-cms",
      "workspaces": [
        "containers/wagtail"
      ]
    },
    "containers/wagtail": {
      "name": "nhs-notify-web-cms-wagtail",
      "version": "0.0.1"
    },
    "node_modules/nhs-notify-web-cms-wagtail": {
      "resolved": "containers/wagtail",
      "link": true
    }
  }
}
