{
  "name": "nhs-notify-web-cms",
  "version": "1.0.0",
  "lockfileVersion": 3,
  "requires": true,
  "packages": {
    "": {
      "name": "nhs-notify-web-cms",
      "version": "1.0.0",
      "license": "ISC",
      "dependencies": {
        "nhsuk-frontend": "^8.1.1"
      },
      "devDependencies": {}
    },
    "node_modules/nhsuk-frontend": {
      "version": "8.1.1",
      "resolved": "https://registry.npmjs.org/nhsuk-frontend/-/nhsuk-frontend-8.1.1.tgz",
      "integrity": "sha512-w+2ovXA8kQgR8YImqufx+cgqkmDjFUcW+VhHhgfBWBRjSPbAghUjlpIbkh6L7KCX0NI4xafOtSRV0+hL7viG6g=="
    }
  }
}
